
Microsoft Visual Studio Solution File, Format Version 12.00
# Visual Studio Version 16
VisualStudioVersion = 16.0.30011.22
MinimumVisualStudioVersion = 10.0.40219.1
Project("{FAE04EC0-301F-11D3-BF4B-00C04F79EFBC}") = "PropSell", "PropSell\PropSell.csproj", "{8E06273A-9F7A-4047-ABD7-FB24969AA91E}"
EndProject
Global
	GlobalSection(SolutionConfigurationPlatforms) = preSolution
		Debug|Any CPU = Debug|Any CPU
		Release|Any CPU = Release|Any CPU
	EndGlobalSection
	GlobalSection(ProjectConfigurationPlatforms) = postSolution
		{8E06273A-9F7A-4047-ABD7-FB24969AA91E}.Debug|Any CPU.ActiveCfg = Debug|Any CPU
		{8E06273A-9F7A-4047-ABD7-FB24969AA91E}.Debug|Any CPU.Build.0 = Debug|Any CPU
		{8E06273A-9F7A-4047-ABD7-FB24969AA91E}.Release|Any CPU.ActiveCfg = Release|Any CPU
		{8E06273A-9F7A-4047-ABD7-FB24969AA91E}.Release|Any CPU.Build.0 = Release|Any CPU
	EndGlobalSection
	GlobalSection(SolutionProperties) = preSolution
		HideSolutionNode = FALSE
	EndGlobalSection
	GlobalSection(ExtensibilityGlobals) = postSolution
		SolutionGuid = {CABF1547-B53D-4775-A188-E02D45B6C37D}
	EndGlobalSection
EndGlobal
